{
  "name": "fintech-frontend",
  "version": "1.0.0",
  "lockfileVersion": 3,
  "requires": true,
  "packages": {
    "": {
      "name": "fintech-frontend",
      "version": "1.0.0",
      "devDependencies": {
        "vite": "^5.4.2",
        "prettier": "^3.3.3",
        "eslint": "^9.9.1",
        "@eslint/js": "^9.9.1",
        "eslint-plugin-html": "^8.1.1",
        "live-server": "^1.2.2"
      }
    },
    "node_modules/vite": {
      "version": "5.4.2",
      "resolved": "https://registry.npmjs.org/vite/-/vite-5.4.2.tgz",
      "integrity": "sha512-dDrQTRHp5C+fHkiAzTddngnFIXUEi/jFfDg+P5qnD7hX5IolCwVSWNIGMcl5TNkx+WQjFGKxVBX5bQNPqaqg==",
      "dev": true,
      "bin": { "vite": "bin/vite.js" },
      "engines": { "node": "^18.0.0 || >=20.0.0" },
      "license": "MIT",
      "dependencies": {
        "esbuild": "^0.21.3",
        "postcss": "^8.4.43",
        "rollup": "^4.20.0"
      }
    },
    "node_modules/prettier": {
      "version": "3.3.3",
      "resolved": "https://registry.npmjs.org/prettier/-/prettier-3.3.3.tgz",
      "integrity": "sha512-i2tDNA0O5IrMO757lfrdQZCc2jPNDVntV0m/+4whiDfWaTKfMNgR7Qz0NAeGz/nRqF4m5/6CLzbP4/liHt12g==",
      "dev": true,
      "bin": { "prettier": "bin/prettier.cjs", "prettier": "bin/prettier.cjs" },
      "engines": { "node": ">=14" },
      "license": "MIT"
    },
    "node_modules/eslint": {
      "version": "9.9.1",
      "resolved": "https://registry.npmjs.org/eslint/-/eslint-9.9.1.tgz",
      "integrity": "sha512-dHvhrbfr4xFQ9/dq+jcVneZMyRYLjggWjk6RVsIiHsP8Rg5a42wSLjzoCSfTy17HBH17N5NMjnMBY0WsMlSow==",
      "dev": true,
      "bin": { "eslint": "bin/eslint.js" },
      "engines": { "node": "^18.18.0 || ^20.9.0 || >=21.1.0" },
      "license": "MIT"
    },
    "node_modules/live-server": {
      "version": "1.2.2",
      "resolved": "https://registry.npmjs.org/live-server/-/live-server-1.2.2.tgz",
      "integrity": "sha512-/PNVZrFPmimJXVJdBU7M+oS12OkxAGSEb4SfVJx6tKcCvtbGEFBlGGn25ZbiHOI0aCaWjmJVLzDPBDnfQXMpA==",
      "dev": true,
      "bin": { "live-server": "live-server.js" },
      "engines": { "node": ">=0.10.0" },
      "license": "MIT"
    }
  }
}
